// !$*UTF8*$!
{
	archiveVersion = 1;
	classes = {
	};
	objectVersion = 48;
	objects = {

/* Begin PBXBuildFile section */
		482827BC2232F51B007F4D75 /* AppDelegate.swift in Sources */ = {isa = PBXBuildFile; fileRef = 482827BB2232F51B007F4D75 /* AppDelegate.swift */; };
		482827BE2232F51B007F4D75 /* ViewController.swift in Sources */ = {isa = PBXBuildFile; fileRef = 482827BD2232F51B007F4D75 /* ViewController.swift */; };
		482827C12232F51B007F4D75 /* Main.storyboard in Resources */ = {isa = PBXBuildFile; fileRef = 482827BF2232F51B007F4D75 /* Main.storyboard */; };
		482827C32232F51B007F4D75 /* Assets.xcassets in Resources */ = {isa = PBXBuildFile; fileRef = 482827C22232F51B007F4D75 /* Assets.xcassets */; };
		482827C62232F51B007F4D75 /* LaunchScreen.storyboard in Resources */ = {isa = PBXBuildFile; fileRef = 482827C42232F51B007F4D75 /* LaunchScreen.storyboard */; };
		482827D12232F51B007F4D75 /* UploadImageTests.swift in Sources */ = {isa = PBXBuildFile; fileRef = 482827D02232F51B007F4D75 /* UploadImageTests.swift */; };
		482827DC2232F51B007F4D75 /* UploadImageUITests.swift in Sources */ = {isa = PBXBuildFile; fileRef = 482827DB2232F51B007F4D75 /* UploadImageUITests.swift */; };
/* End PBXBuildFile section */

/* Begin PBXContainerItemProxy section */
		482827CD2232F51B007F4D75 /* PBXContainerItemProxy */ = {
			isa = PBXContainerItemProxy;
			containerPortal = 482827B02232F51A007F4D75 /* Project object */;
			proxyType = 1;
			remoteGlobalIDString = 482827B72232F51A007F4D75;
			remoteInfo = UploadImage;
		};
		482827D82232F51B007F4D75 /* PBXContainerItemProxy */ = {
			isa = PBXContainerItemProxy;
			containerPortal = 482827B02232F51A007F4D75 /* Project object */;
			proxyType = 1;
			remoteGlobalIDString = 482827B72232F51A007F4D75;
			remoteInfo = UploadImage;
		};
/* End PBXContainerItemProxy section */

/* Begin PBXFileReference section */
		482827B82232F51A007F4D75 /* UploadImage.app */ = {isa = PBXFileReference; explicitFileType = wrapper.application; includeInIndex = 0; path = UploadImage.app; sourceTree = BUILT_PRODUCTS_DIR; };
		482827BB2232F51B007F4D75 /* AppDelegate.swift */ = {isa = PBXFileReference; lastKnownFileType = sourcecode.swift; path = AppDelegate.swift; sourceTree = "<group>"; };
		482827BD2232F51B007F4D75 /* ViewController.swift */ = {isa = PBXFileReference; lastKnownFileType = sourcecode.swift; path = ViewController.swift; sourceTree = "<group>"; };
		482827C02232F51B007F4D75 /* Base */ = {isa = PBXFileReference; lastKnownFileType = file.storyboard; name = Base; path = Base.lproj/Main.storyboard; sourceTree = "<group>"; };
		482827C22232F51B007F4D75 /* Assets.xcassets */ = {isa = PBXFileReference; lastKnownFileType = folder.assetcatalog; path = Assets.xcassets; sourceTree = "<group>"; };
		482827C52232F51B007F4D75 /* Base */ = {isa = PBXFileReference; lastKnownFileType = file.storyboard; name = Base; path = Base.lproj/LaunchScreen.storyboard; sourceTree = "<group>"; };
		482827C72232F51B007F4D75 /* Info.plist */ = {isa = PBXFileReference; lastKnownFileType = text.plist.xml; path = Info.plist; sourceTree = "<group>"; };
		482827CC2232F51B007F4D75 /* UploadImageTests.xctest */ = {isa = PBXFileReference; explicitFileType = wrapper.cfbundle; includeInIndex = 0; path = UploadImageTests.xctest; sourceTree = BUILT_PRODUCTS_DIR; };
		482827D02232F51B007F4D75 /* UploadImageTests.swift */ = {isa = PBXFileReference; lastKnownFileType = sourcecode.swift; path = UploadImageTests.swift; sourceTree = "<group>"; };
		482827D22232F51B007F4D75 /* Info.plist */ = {isa = PBXFileReference; lastKnownFileType = text.plist.xml; path = Info.plist; sourceTree = "<group>"; };
		482827D72232F51B007F4D75 /* UploadImageUITests.xctest */ = {isa = PBXFileReference; explicitFileType = wrapper.cfbundle; includeInIndex = 0; path = UploadImageUITests.xctest; sourceTree = BUILT_PRODUCTS_DIR; };
		482827DB2232F51B007F4D75 /* UploadImageUITests.swift */ = {isa = PBXFileReference; lastKnownFileType = sourcecode.swift; path = UploadImageUITests.swift; sourceTree = "<group>"; };
		482827DD2232F51B007F4D75 /* Info.plist */ = {isa = PBXFileReference; lastKnownFileType = text.plist.xml; path = Info.plist; sourceTree = "<group>"; };
/* End PBXFileReference section */

/* Begin PBXFrameworksBuildPhase section */
		482827B52232F51A007F4D75 /* Frameworks */ = {
			isa = PBXFrameworksBuildPhase;
			buildActionMask = 2147483647;
			files = (
			);
			runOnlyForDeploymentPostprocessing = 0;
		};
		482827C92232F51B007F4D75 /* Frameworks */ = {
			isa = PBXFrameworksBuildPhase;
			buildActionMask = 2147483647;
			files = (
			);
			runOnlyForDeploymentPostprocessing = 0;
		};
		482827D42232F51B007F4D75 /* Frameworks */ = {
			isa = PBXFrameworksBuildPhase;
			buildActionMask = 2147483647;
			files = (
			);
			runOnlyForDeploymentPostprocessing = 0;
		};
/* End PBXFrameworksBuildPhase section */

/* Begin PBXGroup section */
		482827AF2232F51A007F4D75 = {
			isa = PBXGroup;
			children = (
				482827BA2232F51A007F4D75 /* UploadImage */,
				482827CF2232F51B007F4D75 /* UploadImageTests */,
				482827DA2232F51B007F4D75 /* UploadImageUITests */,
				482827B92232F51A007F4D75 /* Products */,
			);
			sourceTree = "<group>";
		};
		482827B92232F51A007F4D75 /* Products */ = {
			isa = PBXGroup;
			children = (
				482827B82232F51A007F4D75 /* UploadImage.app */,
				482827CC2232F51B007F4D75 /* UploadImageTests.xctest */,
				482827D72232F51B007F4D75 /* UploadImageUITests.xctest */,
			);
			name = Products;
			sourceTree = "<group>";
		};
		482827BA2232F51A007F4D75 /* UploadImage */ = {
			isa = PBXGroup;
			children = (
				482827BB2232F51B007F4D75 /* AppDelegate.swift */,
				482827BD2232F51B007F4D75 /* ViewController.swift */,
				482827BF2232F51B007F4D75 /* Main.storyboard */,
				482827C22232F51B007F4D75 /* Assets.xcassets */,
				482827C42232F51B007F4D75 /* LaunchScreen.storyboard */,
				482827C72232F51B007F4D75 /* Info.plist */,
			);
			path = UploadImage;
			sourceTree = "<group>";
		};
		482827CF2232F51B007F4D75 /* UploadImageTests */ = {
			isa = PBXGroup;
			children = (
				482827D02232F51B007F4D75 /* UploadImageTests.swift */,
				482827D22232F51B007F4D75 /* Info.plist */,
			);
			path = UploadImageTests;
			sourceTree = "<group>";
		};
		482827DA2232F51B007F4D75 /* UploadImageUITests */ = {
			isa = PBXGroup;
			children = (
				482827DB2232F51B007F4D75 /* UploadImageUITests.swift */,
				482827DD2232F51B007F4D75 /* Info.plist */,
			);
			path = UploadImageUITests;
			sourceTree = "<group>";
		};
/* End PBXGroup section */

/* Begin PBXNativeTarget section */
		482827B72232F51A007F4D75 /* UploadImage */ = {
			isa = PBXNativeTarget;
			buildConfigurationList = 482827E02232F51B007F4D75 /* Build configuration list for PBXNativeTarget "UploadImage" */;
			buildPhases = (
				482827B42232F51A007F4D75 /* Sources */,
				482827B52232F51A007F4D75 /* Frameworks */,
				482827B62232F51A007F4D75 /* Resources */,
			);
			buildRules = (
			);
			dependencies = (
			);
			name = UploadImage;
			productName = UploadImage;
			productReference = 482827B82232F51A007F4D75 /* UploadImage.app */;
			productType = "com.apple.product-type.application";
		};
		482827CB2232F51B007F4D75 /* UploadImageTests */ = {
			isa = PBXNativeTarget;
			buildConfigurationList = 482827E32232F51B007F4D75 /* Build configuration list for PBXNativeTarget "UploadImageTests" */;
			buildPhases = (
				482827C82232F51B007F4D75 /* Sources */,
				482827C92232F51B007F4D75 /* Frameworks */,
				482827CA2232F51B007F4D75 /* Resources */,
			);
			buildRules = (
			);
			dependencies = (
				482827CE2232F51B007F4D75 /* PBXTargetDependency */,
			);
			name = UploadImageTests;
			productName = UploadImageTests;
			productReference = 482827CC2232F51B007F4D75 /* UploadImageTests.xctest */;
			productType = "com.apple.product-type.bundle.unit-test";
		};
		482827D62232F51B007F4D75 /* UploadImageUITests */ = {
			isa = PBXNativeTarget;
			buildConfigurationList = 482827E62232F51B007F4D75 /* Build configuration list for PBXNativeTarget "UploadImageUITests" */;
			buildPhases = (
				482827D32232F51B007F4D75 /* Sources */,
				482827D42232F51B007F4D75 /* Frameworks */,
				482827D52232F51B007F4D75 /* Resources */,
			);
			buildRules = (
			);
			dependencies = (
				482827D92232F51B007F4D75 /* PBXTargetDependency */,
			);
			name = UploadImageUITests;
			productName = UploadImageUITests;
			productReference = 482827D72232F51B007F4D75 /* UploadImageUITests.xctest */;
			productType = "com.apple.product-type.bundle.ui-testing";
		};
/* End PBXNativeTarget section */

/* Begin PBXProject section */
		482827B02232F51A007F4D75 /* Project object */ = {
			isa = PBXProject;
			attributes = {
				LastSwiftUpdateCheck = 0920;
				LastUpgradeCheck = 0920;
				ORGANIZATIONNAME = joshuaGriffiths;
				TargetAttributes = {
					482827B72232F51A007F4D75 = {
						CreatedOnToolsVersion = 9.2;
						ProvisioningStyle = Automatic;
					};
					482827CB2232F51B007F4D75 = {
						CreatedOnToolsVersion = 9.2;
						ProvisioningStyle = Automatic;
						TestTargetID = 482827B72232F51A007F4D75;
					};
					482827D62232F51B007F4D75 = {
						CreatedOnToolsVersion = 9.2;
						ProvisioningStyle = Automatic;
						TestTargetID = 482827B72232F51A007F4D75;
					};
				};
			};
			buildConfigurationList = 482827B32232F51A007F4D75 /* Build configuration list for PBXProject "UploadImage" */;
			compatibilityVersion = "Xcode 8.0";
			developmentRegion = en;
			hasScannedForEncodings = 0;
			knownRegions = (
				en,
				Base,
			);
			mainGroup = 482827AF2232F51A007F4D75;
			productRefGroup = 482827B92232F51A007F4D75 /* Products */;
			projectDirPath = "";
			projectRoot = "";
			targets = (
				482827B72232F51A007F4D75 /* UploadImage */,
				482827CB2232F51B007F4D75 /* UploadImageTests */,
				482827D62232F51B007F4D75 /* UploadImageUITests */,
			);
		};
/* End PBXProject section */

/* Begin PBXResourcesBuildPhase section */
		482827B62232F51A007F4D75 /* Resources */ = {
			isa = PBXResourcesBuildPhase;
			buildActionMask = 2147483647;
			files = (
				482827C62232F51B007F4D75 /* LaunchScreen.storyboard in Resources */,
				482827C32232F51B007F4D75 /* Assets.xcassets in Resources */,
				482827C12232F51B007F4D75 /* Main.storyboard in Resources */,
			);
			runOnlyForDeploymentPostprocessing = 0;
		};
		482827CA2232F51B007F4D75 /* Resources */ = {
			isa = PBXResourcesBuildPhase;
			buildActionMask = 2147483647;
			files = (
			);
			runOnlyForDeploymentPostprocessing = 0;
		};
		482827D52232F51B007F4D75 /* Resources */ = {
			isa = PBXResourcesBuildPhase;
			buildActionMask = 2147483647;
			files = (
			);
			runOnlyForDeploymentPostprocessing = 0;
		};
/* End PBXResourcesBuildPhase section */

/* Begin PBXSourcesBuildPhase section */
		482827B42232F51A007F4D75 /* Sources */ = {
			isa = PBXSourcesBuildPhase;
			buildActionMask = 2147483647;
			files = (
				482827BE2232F51B007F4D75 /* ViewController.swift in Sources */,
				482827BC2232F51B007F4D75 /* AppDelegate.swift in Sources */,
			);
			runOnlyForDeploymentPostprocessing = 0;
		};
		482827C82232F51B007F4D75 /* Sources */ = {
			isa = PBXSourcesBuildPhase;
			buildActionMask = 2147483647;
			files = (
				482827D12232F51B007F4D75 /* UploadImageTests.swift in Sources */,
			);
			runOnlyForDeploymentPostprocessing = 0;
		};
		482827D32232F51B007F4D75 /* Sources */ = {
			isa = PBXSourcesBuildPhase;
			buildActionMask = 2147483647;
			files = (
				482827DC2232F51B007F4D75 /* UploadImageUITests.swift in Sources */,
			);
			runOnlyForDeploymentPostprocessing = 0;
		};
/* End PBXSourcesBuildPhase section */

/* Begin PBXTargetDependency section */
		482827CE2232F51B007F4D75 /* PBXTargetDependency */ = {
			isa = PBXTargetDependency;
			target = 482827B72232F51A007F4D75 /* UploadImage */;
			targetProxy = 482827CD2232F51B007F4D75 /* PBXContainerItemProxy */;
		};
		482827D92232F51B007F4D75 /* PBXTargetDependency */ = {
			isa = PBXTargetDependency;
			target = 482827B72232F51A007F4D75 /* UploadImage */;
			targetProxy = 482827D82232F51B007F4D75 /* PBXContainerItemProxy */;
		};
/* End PBXTargetDependency section */

/* Begin PBXVariantGroup section */
		482827BF2232F51B007F4D75 /* Main.storyboard */ = {
			isa = PBXVariantGroup;
			children = (
				482827C02232F51B007F4D75 /* Base */,
			);
			name = Main.storyboard;
			sourceTree = "<group>";
		};
		482827C42232F51B007F4D75 /* LaunchScreen.storyboard */ = {
			isa = PBXVariantGroup;
			children = (
				482827C52232F51B007F4D75 /* Base */,
			);
			name = LaunchScreen.storyboard;
			sourceTree = "<group>";
		};
/* End PBXVariantGroup section */

/* Begin XCBuildConfiguration section */
		482827DE2232F51B007F4D75 /* Debug */ = {
			isa = XCBuildConfiguration;
			buildSettings = {
				ALWAYS_SEARCH_USER_PATHS = NO;
				CLANG_ANALYZER_NONNULL = YES;
				CLANG_ANALYZER_NUMBER_OBJECT_CONVERSION = YES_AGGRESSIVE;
				CLANG_CXX_LANGUAGE_STANDARD = "gnu++14";
				CLANG_CXX_LIBRARY = "libc++";
				CLANG_ENABLE_MODULES = YES;
				CLANG_ENABLE_OBJC_ARC = YES;
				CLANG_WARN_BLOCK_CAPTURE_AUTORELEASING = YES;
				CLANG_WARN_BOOL_CONVERSION = YES;
				CLANG_WARN_COMMA = YES;
				CLANG_WARN_CONSTANT_CONVERSION = YES;
				CLANG_WARN_DIRECT_OBJC_ISA_USAGE = YES_ERROR;
				CLANG_WARN_DOCUMENTATION_COMMENTS = YES;
				CLANG_WARN_EMPTY_BODY = YES;
				CLANG_WARN_ENUM_CONVERSION = YES;
				CLANG_WARN_INFINITE_RECURSION = YES;
				CLANG_WARN_INT_CONVERSION = YES;
				CLANG_WARN_NON_LITERAL_NULL_CONVERSION = YES;
				CLANG_WARN_OBJC_LITERAL_CONVERSION = YES;
				CLANG_WARN_OBJC_ROOT_CLASS = YES_ERROR;
				CLANG_WARN_RANGE_LOOP_ANALYSIS = YES;
				CLANG_WARN_STRICT_PROTOTYPES = YES;
				CLANG_WARN_SUSPICIOUS_MOVE = YES;
				CLANG_WARN_UNGUARDED_AVAILABILITY = YES_AGGRESSIVE;
				CLANG_WARN_UNREACHABLE_CODE = YES;
				CLANG_WARN__DUPLICATE_METHOD_MATCH = YES;
				CODE_SIGN_IDENTITY = "iPhone Developer";
				COPY_PHASE_STRIP = NO;
				DEBUG_INFORMATION_FORMAT = dwarf;
				ENABLE_STRICT_OBJC_MSGSEND = YES;
				ENABLE_TESTABILITY = YES;
				GCC_C_LANGUAGE_STANDARD = gnu11;
				GCC_DYNAMIC_NO_PIC = NO;
				GCC_NO_COMMON_BLOCKS = YES;
				GCC_OPTIMIZATION_LEVEL = 0;
				GCC_PREPROCESSOR_DEFINITIONS = (
					"DEBUG=1",
					"$(inherited)",
				);
				GCC_WARN_64_TO_32_BIT_CONVERSION = YES;
				GCC_WARN_ABOUT_RETURN_TYPE = YES_ERROR;
				GCC_WARN_UNDECLARED_SELECTOR = YES;
				GCC_WARN_UNINITIALIZED_AUTOS = YES_AGGRESSIVE;
				GCC_WARN_UNUSED_FUNCTION = YES;
				GCC_WARN_UNUSED_VARIABLE = YES;
				IPHONEOS_DEPLOYMENT_TARGET = 11.2;
				MTL_ENABLE_DEBUG_INFO = YES;
				ONLY_ACTIVE_ARCH = YES;
				SDKROOT = iphoneos;
				SWIFT_ACTIVE_COMPILATION_CONDITIONS = DEBUG;
				SWIFT_OPTIMIZATION_LEVEL = "-Onone";
			};
			name = Debug;
		};
		482827DF2232F51B007F4D75 /* Release */ = {
			isa = XCBuildConfiguration;
			buildSettings = {
				ALWAYS_SEARCH_USER_PATHS = NO;
				CLANG_ANALYZER_NONNULL = YES;
				CLANG_ANALYZER_NUMBER_OBJECT_CONVERSION = YES_AGGRESSIVE;
				CLANG_CXX_LANGUAGE_STANDARD = "gnu++14";
				CLANG_CXX_LIBRARY = "libc++";
				CLANG_ENABLE_MODULES = YES;
				CLANG_ENABLE_OBJC_ARC = YES;
				CLANG_WARN_BLOCK_CAPTURE_AUTORELEASING = YES;
				CLANG_WARN_BOOL_CONVERSION = YES;
				CLANG_WARN_COMMA = YES;
				CLANG_WARN_CONSTANT_CONVERSION = YES;
				CLANG_WARN_DIRECT_OBJC_ISA_USAGE = YES_ERROR;
				CLANG_WARN_DOCUMENTATION_COMMENTS = YES;
				CLANG_WARN_EMPTY_BODY = YES;
				CLANG_WARN_ENUM_CONVERSION = YES;
				CLANG_WARN_INFINITE_RECURSION = YES;
				CLANG_WARN_INT_CONVERSION = YES;
				CLANG_WARN_NON_LITERAL_NULL_CONVERSION = YES;
				CLANG_WARN_OBJC_LITERAL_CONVERSION = YES;
				CLANG_WARN_OBJC_ROOT_CLASS = YES_ERROR;
				CLANG_WARN_RANGE_LOOP_ANALYSIS = YES;
				CLANG_WARN_STRICT_PROTOTYPES = YES;
				CLANG_WARN_SUSPICIOUS_MOVE = YES;
				CLANG_WARN_UNGUARDED_AVAILABILITY = YES_AGGRESSIVE;
				CLANG_WARN_UNREACHABLE_CODE = YES;
				CLANG_WARN__DUPLICATE_METHOD_MATCH = YES;
				CODE_SIGN_IDENTITY = "iPhone Developer";
				COPY_PHASE_STRIP = NO;
				DEBUG_INFORMATION_FORMAT = "dwarf-with-dsym";
				ENABLE_NS_ASSERTIONS = NO;
				ENABLE_STRICT_OBJC_MSGSEND = YES;
				GCC_C_LANGUAGE_STANDARD = gnu11;
				GCC_NO_COMMON_BLOCKS = YES;
				GCC_WARN_64_TO_32_BIT_CONVERSION = YES;
				GCC_WARN_ABOUT_RETURN_TYPE = YES_ERROR;
				GCC_WARN_UNDECLARED_SELECTOR = YES;
				GCC_WARN_UNINITIALIZED_AUTOS = YES_AGGRESSIVE;
				GCC_WARN_UNUSED_FUNCTION = YES;
				GCC_WARN_UNUSED_VARIABLE = YES;
				IPHONEOS_DEPLOYMENT_TARGET = 11.2;
				MTL_ENABLE_DEBUG_INFO = NO;
				SDKROOT = iphoneos;
				SWIFT_OPTIMIZATION_LEVEL = "-Owholemodule";
				VALIDATE_PRODUCT = YES;
			};
			name = Release;
		};
		482827E12232F51B007F4D75 /* Debug */ = {
			isa = XCBuildConfiguration;
			buildSettings = {
				ASSETCATALOG_COMPILER_APPICON_NAME = AppIcon;
				CODE_SIGN_STYLE = Automatic;
				DEVELOPMENT_TEAM = K6SWDN4Q4K;
				INFOPLIST_FILE = UploadImage/Info.plist;
				LD_RUNPATH_SEARCH_PATHS = "$(inherited) @executable_path/Frameworks";
				PRODUCT_BUNDLE_IDENTIFIER = com.joshuaGriffiths.UploadImage;
				PRODUCT_NAME = "$(TARGET_NAME)";
				SWIFT_VERSION = 4.0;
				TARGETED_DEVICE_FAMILY = "1,2";
			};
			name = Debug;
		};
		482827E22232F51B007F4D75 /* Release */ = {
			isa = XCBuildConfiguration;
			buildSettings = {
				ASSETCATALOG_COMPILER_APPICON_NAME = AppIcon;
				CODE_SIGN_STYLE = Automatic;
				DEVELOPMENT_TEAM = K6SWDN4Q4K;
				INFOPLIST_FILE = UploadImage/Info.plist;
				LD_RUNPATH_SEARCH_PATHS = "$(inherited) @executable_path/Frameworks";
				PRODUCT_BUNDLE_IDENTIFIER = com.joshuaGriffiths.UploadImage;
				PRODUCT_NAME = "$(TARGET_NAME)";
				SWIFT_VERSION = 4.0;
				TARGETED_DEVICE_FAMILY = "1,2";
			};
			name = Release;
		};
		482827E42232F51B007F4D75 /* Debug */ = {
			isa = XCBuildConfiguration;
			buildSettings = {
				ALWAYS_EMBED_SWIFT_STANDARD_LIBRARIES = YES;
				BUNDLE_LOADER = "$(TEST_HOST)";
				CODE_SIGN_STYLE = Automatic;
				DEVELOPMENT_TEAM = K6SWDN4Q4K;
				INFOPLIST_FILE = UploadImageTests/Info.plist;
				LD_RUNPATH_SEARCH_PATHS = "$(inherited) @executable_path/Frameworks @loader_path/Frameworks";
				PRODUCT_BUNDLE_IDENTIFIER = com.joshuaGriffiths.UploadImageTests;
				PRODUCT_NAME = "$(TARGET_NAME)";
				SWIFT_VERSION = 4.0;
				TARGETED_DEVICE_FAMILY = "1,2";
				TEST_HOST = "$(BUILT_PRODUCTS_DIR)/UploadImage.app/UploadImage";
			};
			name = Debug;
		};
		482827E52232F51B007F4D75 /* Release */ = {
			isa = XCBuildConfiguration;
			buildSettings = {
				ALWAYS_EMBED_SWIFT_STANDARD_LIBRARIES = YES;
				BUNDLE_LOADER = "$(TEST_HOST)";
				CODE_SIGN_STYLE = Automatic;
				DEVELOPMENT_TEAM = K6SWDN4Q4K;
				INFOPLIST_FILE = UploadImageTests/Info.plist;
				LD_RUNPATH_SEARCH_PATHS = "$(inherited) @executable_path/Frameworks @loader_path/Frameworks";
				PRODUCT_BUNDLE_IDENTIFIER = com.joshuaGriffiths.UploadImageTests;
				PRODUCT_NAME = "$(TARGET_NAME)";
				SWIFT_VERSION = 4.0;
				TARGETED_DEVICE_FAMILY = "1,2";
				TEST_HOST = "$(BUILT_PRODUCTS_DIR)/UploadImage.app/UploadImage";
			};
			name = Release;
		};
		482827E72232F51B007F4D75 /* Debug */ = {
			isa = XCBuildConfiguration;
			buildSettings = {
				ALWAYS_EMBED_SWIFT_STANDARD_LIBRARIES = YES;
				CODE_SIGN_STYLE = Automatic;
				DEVELOPMENT_TEAM = K6SWDN4Q4K;
				INFOPLIST_FILE = UploadImageUITests/Info.plist;
				LD_RUNPATH_SEARCH_PATHS = "$(inherited) @executable_path/Frameworks @loader_path/Frameworks";
				PRODUCT_BUNDLE_IDENTIFIER = com.joshuaGriffiths.UploadImageUITests;
				PRODUCT_NAME = "$(TARGET_NAME)";
				SWIFT_VERSION = 4.0;
				TARGETED_DEVICE_FAMILY = "1,2";
				TEST_TARGET_NAME = UploadImage;
			};
			name = Debug;
		};
		482827E82232F51B007F4D75 /* Release */ = {
			isa = XCBuildConfiguration;
			buildSettings = {
				ALWAYS_EMBED_SWIFT_STANDARD_LIBRARIES = YES;
				CODE_SIGN_STYLE = Automatic;
				DEVELOPMENT_TEAM = K6SWDN4Q4K;
				INFOPLIST_FILE = UploadImageUITests/Info.plist;
				LD_RUNPATH_SEARCH_PATHS = "$(inherited) @executable_path/Frameworks @loader_path/Frameworks";
				PRODUCT_BUNDLE_IDENTIFIER = com.joshuaGriffiths.UploadImageUITests;
				PRODUCT_NAME = "$(TARGET_NAME)";
				SWIFT_VERSION = 4.0;
				TARGETED_DEVICE_FAMILY = "1,2";
				TEST_TARGET_NAME = UploadImage;
			};
			name = Release;
		};
/* End XCBuildConfiguration section */

/* Begin XCConfigurationList section */
		482827B32232F51A007F4D75 /* Build configuration list for PBXProject "UploadImage" */ = {
			isa = XCConfigurationList;
			buildConfigurations = (
				482827DE2232F51B007F4D75 /* Debug */,
				482827DF2232F51B007F4D75 /* Release */,
			);
			defaultConfigurationIsVisible = 0;
			defaultConfigurationName = Release;
		};
		482827E02232F51B007F4D75 /* Build configuration list for PBXNativeTarget "UploadImage" */ = {
			isa = XCConfigurationList;
			buildConfigurations = (
				482827E12232F51B007F4D75 /* Debug */,
				482827E22232F51B007F4D75 /* Release */,
			);
			defaultConfigurationIsVisible = 0;
			defaultConfigurationName = Release;
		};
		482827E32232F51B007F4D75 /* Build configuration list for PBXNativeTarget "UploadImageTests" */ = {
			isa = XCConfigurationList;
			buildConfigurations = (
				482827E42232F51B007F4D75 /* Debug */,
				482827E52232F51B007F4D75 /* Release */,
			);
			defaultConfigurationIsVisible = 0;
			defaultConfigurationName = Release;
		};
		482827E62232F51B007F4D75 /* Build configuration list for PBXNativeTarget "UploadImageUITests" */ = {
			isa = XCConfigurationList;
			buildConfigurations = (
				482827E72232F51B007F4D75 /* Debug */,
				482827E82232F51B007F4D75 /* Release */,
			);
			defaultConfigurationIsVisible = 0;
			defaultConfigurationName = Release;
		};
/* End XCConfigurationList section */
	};
	rootObject = 482827B02232F51A007F4D75 /* Project object */;
}
